// !$*UTF8*$!
{
	archiveVersion = 1;
	classes = {
	};
	objectVersion = 50;
	objects = {

/* Begin PBXBuildFile section */
		AB3E522C228CAD1F007799DE /* AppDelegate.swift in Sources */ = {isa = PBXBuildFile; fileRef = AB3E522B228CAD1F007799DE /* AppDelegate.swift */; };
		AB3E5236228CAD20007799DE /* LaunchScreen.storyboard in Resources */ = {isa = PBXBuildFile; fileRef = AB3E5234228CAD20007799DE /* LaunchScreen.storyboard */; };
		AB3E523E228CADC5007799DE /* BookCollectionViewController.swift in Sources */ = {isa = PBXBuildFile; fileRef = AB3E523D228CADC5007799DE /* BookCollectionViewController.swift */; };
		AB3E5240228CBB2F007799DE /* BookCell.swift in Sources */ = {isa = PBXBuildFile; fileRef = AB3E523F228CBB2F007799DE /* BookCell.swift */; };
		AB3E5244228CC197007799DE /* HeaderView.swift in Sources */ = {isa = PBXBuildFile; fileRef = AB3E5243228CC197007799DE /* HeaderView.swift */; };
		AB3E5246228D6996007799DE /* UIViewExtension.swift in Sources */ = {isa = PBXBuildFile; fileRef = AB3E5245228D6996007799DE /* UIViewExtension.swift */; };
		AB3E5248228D6E56007799DE /* Assets.xcassets in Resources */ = {isa = PBXBuildFile; fileRef = AB3E5247228D6E56007799DE /* Assets.xcassets */; };
		AB8502B4228D815800B49CC9 /* StretchyHeaderLayout.swift in Sources */ = {isa = PBXBuildFile; fileRef = AB8502B3228D815800B49CC9 /* StretchyHeaderLayout.swift */; };
		AB8502B6228D9FE700B49CC9 /* FooterView.swift in Sources */ = {isa = PBXBuildFile; fileRef = AB8502B5228D9FE700B49CC9 /* FooterView.swift */; };
		AB8502B8228DE48100B49CC9 /* StoryTelDatabase.swift in Sources */ = {isa = PBXBuildFile; fileRef = AB8502B7228DE48000B49CC9 /* StoryTelDatabase.swift */; };
		AB8502BC2291CBD600B49CC9 /* ImageTask.swift in Sources */ = {isa = PBXBuildFile; fileRef = AB8502BB2291CBD500B49CC9 /* ImageTask.swift */; };
		AB8502BE2291CBFD00B49CC9 /* ImageTaskDownloadedDelegate.swift in Sources */ = {isa = PBXBuildFile; fileRef = AB8502BD2291CBFD00B49CC9 /* ImageTaskDownloadedDelegate.swift */; };
		AB8502C02292A27100B49CC9 /* BookCollectionVCDelegates.swift in Sources */ = {isa = PBXBuildFile; fileRef = AB8502BF2292A27100B49CC9 /* BookCollectionVCDelegates.swift */; };
		AB8502C22292A42F00B49CC9 /* BookCollectionVC+UI.swift in Sources */ = {isa = PBXBuildFile; fileRef = AB8502C12292A42F00B49CC9 /* BookCollectionVC+UI.swift */; };
		ABC21CC72295A6E9007D9CCF /* StorytelChallengeTests.swift in Sources */ = {isa = PBXBuildFile; fileRef = ABC21CC62295A6E9007D9CCF /* StorytelChallengeTests.swift */; };
/* End PBXBuildFile section */

/* Begin PBXContainerItemProxy section */
		ABC21CC92295A6E9007D9CCF /* PBXContainerItemProxy */ = {
			isa = PBXContainerItemProxy;
			containerPortal = AB3E5220228CAD1E007799DE /* Project object */;
			proxyType = 1;
			remoteGlobalIDString = AB3E5227228CAD1E007799DE;
			remoteInfo = StorytelChallenge;
		};
/* End PBXContainerItemProxy section */

/* Begin PBXFileReference section */
		AB3E5228228CAD1E007799DE /* StorytelChallenge.app */ = {isa = PBXFileReference; explicitFileType = wrapper.application; includeInIndex = 0; path = StorytelChallenge.app; sourceTree = BUILT_PRODUCTS_DIR; };
		AB3E522B228CAD1F007799DE /* AppDelegate.swift */ = {isa = PBXFileReference; lastKnownFileType = sourcecode.swift; path = AppDelegate.swift; sourceTree = "<group>"; };
		AB3E5235228CAD20007799DE /* Base */ = {isa = PBXFileReference; lastKnownFileType = file.storyboard; name = Base; path = Base.lproj/LaunchScreen.storyboard; sourceTree = "<group>"; };
		AB3E5237228CAD20007799DE /* Info.plist */ = {isa = PBXFileReference; lastKnownFileType = text.plist.xml; path = Info.plist; sourceTree = "<group>"; };
		AB3E523D228CADC5007799DE /* BookCollectionViewController.swift */ = {isa = PBXFileReference; lastKnownFileType = sourcecode.swift; path = BookCollectionViewController.swift; sourceTree = "<group>"; };
		AB3E523F228CBB2F007799DE /* BookCell.swift */ = {isa = PBXFileReference; lastKnownFileType = sourcecode.swift; path = BookCell.swift; sourceTree = "<group>"; };
		AB3E5243228CC197007799DE /* HeaderView.swift */ = {isa = PBXFileReference; lastKnownFileType = sourcecode.swift; path = HeaderView.swift; sourceTree = "<group>"; };
		AB3E5245228D6996007799DE /* UIViewExtension.swift */ = {isa = PBXFileReference; fileEncoding = 4; lastKnownFileType = sourcecode.swift; path = UIViewExtension.swift; sourceTree = "<group>"; };
		AB3E5247228D6E56007799DE /* Assets.xcassets */ = {isa = PBXFileReference; lastKnownFileType = folder.assetcatalog; path = Assets.xcassets; sourceTree = "<group>"; };
		AB8502B3228D815800B49CC9 /* StretchyHeaderLayout.swift */ = {isa = PBXFileReference; lastKnownFileType = sourcecode.swift; path = StretchyHeaderLayout.swift; sourceTree = "<group>"; };
		AB8502B5228D9FE700B49CC9 /* FooterView.swift */ = {isa = PBXFileReference; lastKnownFileType = sourcecode.swift; path = FooterView.swift; sourceTree = "<group>"; };
		AB8502B7228DE48000B49CC9 /* StoryTelDatabase.swift */ = {isa = PBXFileReference; lastKnownFileType = sourcecode.swift; path = StoryTelDatabase.swift; sourceTree = "<group>"; };
		AB8502BB2291CBD500B49CC9 /* ImageTask.swift */ = {isa = PBXFileReference; lastKnownFileType = sourcecode.swift; path = ImageTask.swift; sourceTree = "<group>"; };
		AB8502BD2291CBFD00B49CC9 /* ImageTaskDownloadedDelegate.swift */ = {isa = PBXFileReference; lastKnownFileType = sourcecode.swift; path = ImageTaskDownloadedDelegate.swift; sourceTree = "<group>"; };
		AB8502BF2292A27100B49CC9 /* BookCollectionVCDelegates.swift */ = {isa = PBXFileReference; lastKnownFileType = sourcecode.swift; path = BookCollectionVCDelegates.swift; sourceTree = "<group>"; };
		AB8502C12292A42F00B49CC9 /* BookCollectionVC+UI.swift */ = {isa = PBXFileReference; lastKnownFileType = sourcecode.swift; path = "BookCollectionVC+UI.swift"; sourceTree = "<group>"; };
		ABC21CC42295A6E8007D9CCF /* StorytelChallengeTests.xctest */ = {isa = PBXFileReference; explicitFileType = wrapper.cfbundle; includeInIndex = 0; path = StorytelChallengeTests.xctest; sourceTree = BUILT_PRODUCTS_DIR; };
		ABC21CC62295A6E9007D9CCF /* StorytelChallengeTests.swift */ = {isa = PBXFileReference; lastKnownFileType = sourcecode.swift; path = StorytelChallengeTests.swift; sourceTree = "<group>"; };
		ABC21CC82295A6E9007D9CCF /* Info.plist */ = {isa = PBXFileReference; lastKnownFileType = text.plist.xml; path = Info.plist; sourceTree = "<group>"; };
/* End PBXFileReference section */

/* Begin PBXFrameworksBuildPhase section */
		AB3E5225228CAD1E007799DE /* Frameworks */ = {
			isa = PBXFrameworksBuildPhase;
			buildActionMask = 2147483647;
			files = (
			);
			runOnlyForDeploymentPostprocessing = 0;
		};
		ABC21CC12295A6E8007D9CCF /* Frameworks */ = {
			isa = PBXFrameworksBuildPhase;
			buildActionMask = 2147483647;
			files = (
			);
			runOnlyForDeploymentPostprocessing = 0;
		};
/* End PBXFrameworksBuildPhase section */

/* Begin PBXGroup section */
		AB3E521F228CAD1E007799DE = {
			isa = PBXGroup;
			children = (
				AB3E522A228CAD1E007799DE /* StorytelChallenge */,
				ABC21CC52295A6E8007D9CCF /* StorytelChallengeTests */,
				AB3E5229228CAD1E007799DE /* Products */,
			);
			sourceTree = "<group>";
		};
		AB3E5229228CAD1E007799DE /* Products */ = {
			isa = PBXGroup;
			children = (
				AB3E5228228CAD1E007799DE /* StorytelChallenge.app */,
				ABC21CC42295A6E8007D9CCF /* StorytelChallengeTests.xctest */,
			);
			name = Products;
			sourceTree = "<group>";
		};
		AB3E522A228CAD1E007799DE /* StorytelChallenge */ = {
			isa = PBXGroup;
			children = (
				AB8502C72292AD3E00B49CC9 /* Model */,
				AB8502B2228D80CB00B49CC9 /* View */,
				AB8502C62292ACF200B49CC9 /* Controller */,
				AB8502C52292ACD000B49CC9 /* Delegate */,
				AB8502C82292AD8C00B49CC9 /* Networking */,
				AB3E5247228D6E56007799DE /* Assets.xcassets */,
				AB3E5234228CAD20007799DE /* LaunchScreen.storyboard */,
				AB3E5237228CAD20007799DE /* Info.plist */,
			);
			path = StorytelChallenge;
			sourceTree = "<group>";
		};
		AB8502B2228D80CB00B49CC9 /* View */ = {
			isa = PBXGroup;
			children = (
				AB8502B3228D815800B49CC9 /* StretchyHeaderLayout.swift */,
				AB3E5243228CC197007799DE /* HeaderView.swift */,
				AB8502B5228D9FE700B49CC9 /* FooterView.swift */,
				AB3E523F228CBB2F007799DE /* BookCell.swift */,
				AB3E5245228D6996007799DE /* UIViewExtension.swift */,
			);
			path = View;
			sourceTree = "<group>";
		};
		AB8502C52292ACD000B49CC9 /* Delegate */ = {
			isa = PBXGroup;
			children = (
				AB3E522B228CAD1F007799DE /* AppDelegate.swift */,
				AB8502BF2292A27100B49CC9 /* BookCollectionVCDelegates.swift */,
				AB8502BD2291CBFD00B49CC9 /* ImageTaskDownloadedDelegate.swift */,
			);
			path = Delegate;
			sourceTree = "<group>";
		};
		AB8502C62292ACF200B49CC9 /* Controller */ = {
			isa = PBXGroup;
			children = (
				AB3E523D228CADC5007799DE /* BookCollectionViewController.swift */,
				AB8502C12292A42F00B49CC9 /* BookCollectionVC+UI.swift */,
			);
			path = Controller;
			sourceTree = "<group>";
		};
		AB8502C72292AD3E00B49CC9 /* Model */ = {
			isa = PBXGroup;
			children = (
				AB8502B7228DE48000B49CC9 /* StoryTelDatabase.swift */,
			);
			path = Model;
			sourceTree = "<group>";
		};
		AB8502C82292AD8C00B49CC9 /* Networking */ = {
			isa = PBXGroup;
			children = (
				AB8502BB2291CBD500B49CC9 /* ImageTask.swift */,
			);
			path = Networking;
			sourceTree = "<group>";
		};
		ABC21CC52295A6E8007D9CCF /* StorytelChallengeTests */ = {
			isa = PBXGroup;
			children = (
				ABC21CC62295A6E9007D9CCF /* StorytelChallengeTests.swift */,
				ABC21CC82295A6E9007D9CCF /* Info.plist */,
			);
			path = StorytelChallengeTests;
			sourceTree = "<group>";
		};
/* End PBXGroup section */

/* Begin PBXNativeTarget section */
		AB3E5227228CAD1E007799DE /* StorytelChallenge */ = {
			isa = PBXNativeTarget;
			buildConfigurationList = AB3E523A228CAD20007799DE /* Build configuration list for PBXNativeTarget "StorytelChallenge" */;
			buildPhases = (
				AB3E5224228CAD1E007799DE /* Sources */,
				AB3E5225228CAD1E007799DE /* Frameworks */,
				AB3E5226228CAD1E007799DE /* Resources */,
			);
			buildRules = (
			);
			dependencies = (
			);
			name = StorytelChallenge;
			productName = StorytelChallenge;
			productReference = AB3E5228228CAD1E007799DE /* StorytelChallenge.app */;
			productType = "com.apple.product-type.application";
		};
		ABC21CC32295A6E8007D9CCF /* StorytelChallengeTests */ = {
			isa = PBXNativeTarget;
			buildConfigurationList = ABC21CCD2295A6E9007D9CCF /* Build configuration list for PBXNativeTarget "StorytelChallengeTests" */;
			buildPhases = (
				ABC21CC02295A6E8007D9CCF /* Sources */,
				ABC21CC12295A6E8007D9CCF /* Frameworks */,
				ABC21CC22295A6E8007D9CCF /* Resources */,
			);
			buildRules = (
			);
			dependencies = (
				ABC21CCA2295A6E9007D9CCF /* PBXTargetDependency */,
			);
			name = StorytelChallengeTests;
			productName = StorytelChallengeTests;
			productReference = ABC21CC42295A6E8007D9CCF /* StorytelChallengeTests.xctest */;
			productType = "com.apple.product-type.bundle.unit-test";
		};
/* End PBXNativeTarget section */

/* Begin PBXProject section */
		AB3E5220228CAD1E007799DE /* Project object */ = {
			isa = PBXProject;
			attributes = {
				LastSwiftUpdateCheck = 1020;
				LastUpgradeCheck = 1020;
				ORGANIZATIONNAME = Jonathan;
				TargetAttributes = {
					AB3E5227228CAD1E007799DE = {
						CreatedOnToolsVersion = 10.2.1;
					};
					ABC21CC32295A6E8007D9CCF = {
						CreatedOnToolsVersion = 10.2.1;
						TestTargetID = AB3E5227228CAD1E007799DE;
					};
				};
			};
			buildConfigurationList = AB3E5223228CAD1E007799DE /* Build configuration list for PBXProject "StorytelChallenge" */;
			compatibilityVersion = "Xcode 9.3";
			developmentRegion = en;
			hasScannedForEncodings = 0;
			knownRegions = (
				en,
				Base,
			);
			mainGroup = AB3E521F228CAD1E007799DE;
			productRefGroup = AB3E5229228CAD1E007799DE /* Products */;
			projectDirPath = "";
			projectRoot = "";
			targets = (
				AB3E5227228CAD1E007799DE /* StorytelChallenge */,
				ABC21CC32295A6E8007D9CCF /* StorytelChallengeTests */,
			);
		};
/* End PBXProject section */

/* Begin PBXResourcesBuildPhase section */
		AB3E5226228CAD1E007799DE /* Resources */ = {
			isa = PBXResourcesBuildPhase;
			buildActionMask = 2147483647;
			files = (
				AB3E5236228CAD20007799DE /* LaunchScreen.storyboard in Resources */,
				AB3E5248228D6E56007799DE /* Assets.xcassets in Resources */,
			);
			runOnlyForDeploymentPostprocessing = 0;
		};
		ABC21CC22295A6E8007D9CCF /* Resources */ = {
			isa = PBXResourcesBuildPhase;
			buildActionMask = 2147483647;
			files = (
			);
			runOnlyForDeploymentPostprocessing = 0;
		};
/* End PBXResourcesBuildPhase section */

/* Begin PBXSourcesBuildPhase section */
		AB3E5224228CAD1E007799DE /* Sources */ = {
			isa = PBXSourcesBuildPhase;
			buildActionMask = 2147483647;
			files = (
				AB3E5244228CC197007799DE /* HeaderView.swift in Sources */,
				AB8502C22292A42F00B49CC9 /* BookCollectionVC+UI.swift in Sources */,
				AB3E5240228CBB2F007799DE /* BookCell.swift in Sources */,
				AB3E5246228D6996007799DE /* UIViewExtension.swift in Sources */,
				AB8502BC2291CBD600B49CC9 /* ImageTask.swift in Sources */,
				AB8502B4228D815800B49CC9 /* StretchyHeaderLayout.swift in Sources */,
				AB8502B8228DE48100B49CC9 /* StoryTelDatabase.swift in Sources */,
				AB3E522C228CAD1F007799DE /* AppDelegate.swift in Sources */,
				AB8502C02292A27100B49CC9 /* BookCollectionVCDelegates.swift in Sources */,
				AB8502BE2291CBFD00B49CC9 /* ImageTaskDownloadedDelegate.swift in Sources */,
				AB8502B6228D9FE700B49CC9 /* FooterView.swift in Sources */,
				AB3E523E228CADC5007799DE /* BookCollectionViewController.swift in Sources */,
			);
			runOnlyForDeploymentPostprocessing = 0;
		};
		ABC21CC02295A6E8007D9CCF /* Sources */ = {
			isa = PBXSourcesBuildPhase;
			buildActionMask = 2147483647;
			files = (
				ABC21CC72295A6E9007D9CCF /* StorytelChallengeTests.swift in Sources */,
			);
			runOnlyForDeploymentPostprocessing = 0;
		};
/* End PBXSourcesBuildPhase section */

/* Begin PBXTargetDependency section */
		ABC21CCA2295A6E9007D9CCF /* PBXTargetDependency */ = {
			isa = PBXTargetDependency;
			target = AB3E5227228CAD1E007799DE /* StorytelChallenge */;
			targetProxy = ABC21CC92295A6E9007D9CCF /* PBXContainerItemProxy */;
		};
/* End PBXTargetDependency section */

/* Begin PBXVariantGroup section */
		AB3E5234228CAD20007799DE /* LaunchScreen.storyboard */ = {
			isa = PBXVariantGroup;
			children = (
				AB3E5235228CAD20007799DE /* Base */,
			);
			name = LaunchScreen.storyboard;
			sourceTree = "<group>";
		};
/* End PBXVariantGroup section */

/* Begin XCBuildConfiguration section */
		AB3E5238228CAD20007799DE /* Debug */ = {
			isa = XCBuildConfiguration;
			buildSettings = {
				ALWAYS_SEARCH_USER_PATHS = NO;
				CLANG_ANALYZER_NONNULL = YES;
				CLANG_ANALYZER_NUMBER_OBJECT_CONVERSION = YES_AGGRESSIVE;
				CLANG_CXX_LANGUAGE_STANDARD = "gnu++14";
				CLANG_CXX_LIBRARY = "libc++";
				CLANG_ENABLE_MODULES = YES;
				CLANG_ENABLE_OBJC_ARC = YES;
				CLANG_ENABLE_OBJC_WEAK = YES;
				CLANG_WARN_BLOCK_CAPTURE_AUTORELEASING = YES;
				CLANG_WARN_BOOL_CONVERSION = YES;
				CLANG_WARN_COMMA = YES;
				CLANG_WARN_CONSTANT_CONVERSION = YES;
				CLANG_WARN_DEPRECATED_OBJC_IMPLEMENTATIONS = YES;
				CLANG_WARN_DIRECT_OBJC_ISA_USAGE = YES_ERROR;
				CLANG_WARN_DOCUMENTATION_COMMENTS = YES;
				CLANG_WARN_EMPTY_BODY = YES;
				CLANG_WARN_ENUM_CONVERSION = YES;
				CLANG_WARN_INFINITE_RECURSION = YES;
				CLANG_WARN_INT_CONVERSION = YES;
				CLANG_WARN_NON_LITERAL_NULL_CONVERSION = YES;
				CLANG_WARN_OBJC_IMPLICIT_RETAIN_SELF = YES;
				CLANG_WARN_OBJC_LITERAL_CONVERSION = YES;
				CLANG_WARN_OBJC_ROOT_CLASS = YES_ERROR;
				CLANG_WARN_RANGE_LOOP_ANALYSIS = YES;
				CLANG_WARN_STRICT_PROTOTYPES = YES;
				CLANG_WARN_SUSPICIOUS_MOVE = YES;
				CLANG_WARN_UNGUARDED_AVAILABILITY = YES_AGGRESSIVE;
				CLANG_WARN_UNREACHABLE_CODE = YES;
				CLANG_WARN__DUPLICATE_METHOD_MATCH = YES;
				CODE_SIGN_IDENTITY = "iPhone Developer";
				COPY_PHASE_STRIP = NO;
				DEBUG_INFORMATION_FORMAT = dwarf;
				ENABLE_STRICT_OBJC_MSGSEND = YES;
				ENABLE_TESTABILITY = YES;
				GCC_C_LANGUAGE_STANDARD = gnu11;
				GCC_DYNAMIC_NO_PIC = NO;
				GCC_NO_COMMON_BLOCKS = YES;
				GCC_OPTIMIZATION_LEVEL = 0;
				GCC_PREPROCESSOR_DEFINITIONS = (
					"DEBUG=1",
					"$(inherited)",
				);
				GCC_WARN_64_TO_32_BIT_CONVERSION = YES;
				GCC_WARN_ABOUT_RETURN_TYPE = YES_ERROR;
				GCC_WARN_UNDECLARED_SELECTOR = YES;
				GCC_WARN_UNINITIALIZED_AUTOS = YES_AGGRESSIVE;
				GCC_WARN_UNUSED_FUNCTION = YES;
				GCC_WARN_UNUSED_VARIABLE = YES;
				IPHONEOS_DEPLOYMENT_TARGET = 12.2;
				MTL_ENABLE_DEBUG_INFO = INCLUDE_SOURCE;
				MTL_FAST_MATH = YES;
				ONLY_ACTIVE_ARCH = YES;
				SDKROOT = iphoneos;
				SWIFT_ACTIVE_COMPILATION_CONDITIONS = DEBUG;
				SWIFT_OPTIMIZATION_LEVEL = "-Onone";
			};
			name = Debug;
		};
		AB3E5239228CAD20007799DE /* Release */ = {
			isa = XCBuildConfiguration;
			buildSettings = {
				ALWAYS_SEARCH_USER_PATHS = NO;
				CLANG_ANALYZER_NONNULL = YES;
				CLANG_ANALYZER_NUMBER_OBJECT_CONVERSION = YES_AGGRESSIVE;
				CLANG_CXX_LANGUAGE_STANDARD = "gnu++14";
				CLANG_CXX_LIBRARY = "libc++";
				CLANG_ENABLE_MODULES = YES;
				CLANG_ENABLE_OBJC_ARC = YES;
				CLANG_ENABLE_OBJC_WEAK = YES;
				CLANG_WARN_BLOCK_CAPTURE_AUTORELEASING = YES;
				CLANG_WARN_BOOL_CONVERSION = YES;
				CLANG_WARN_COMMA = YES;
				CLANG_WARN_CONSTANT_CONVERSION = YES;
				CLANG_WARN_DEPRECATED_OBJC_IMPLEMENTATIONS = YES;
				CLANG_WARN_DIRECT_OBJC_ISA_USAGE = YES_ERROR;
				CLANG_WARN_DOCUMENTATION_COMMENTS = YES;
				CLANG_WARN_EMPTY_BODY = YES;
				CLANG_WARN_ENUM_CONVERSION = YES;
				CLANG_WARN_INFINITE_RECURSION = YES;
				CLANG_WARN_INT_CONVERSION = YES;
				CLANG_WARN_NON_LITERAL_NULL_CONVERSION = YES;
				CLANG_WARN_OBJC_IMPLICIT_RETAIN_SELF = YES;
				CLANG_WARN_OBJC_LITERAL_CONVERSION = YES;
				CLANG_WARN_OBJC_ROOT_CLASS = YES_ERROR;
				CLANG_WARN_RANGE_LOOP_ANALYSIS = YES;
				CLANG_WARN_STRICT_PROTOTYPES = YES;
				CLANG_WARN_SUSPICIOUS_MOVE = YES;
				CLANG_WARN_UNGUARDED_AVAILABILITY = YES_AGGRESSIVE;
				CLANG_WARN_UNREACHABLE_CODE = YES;
				CLANG_WARN__DUPLICATE_METHOD_MATCH = YES;
				CODE_SIGN_IDENTITY = "iPhone Developer";
				COPY_PHASE_STRIP = NO;
				DEBUG_INFORMATION_FORMAT = "dwarf-with-dsym";
				ENABLE_NS_ASSERTIONS = NO;
				ENABLE_STRICT_OBJC_MSGSEND = YES;
				GCC_C_LANGUAGE_STANDARD = gnu11;
				GCC_NO_COMMON_BLOCKS = YES;
				GCC_WARN_64_TO_32_BIT_CONVERSION = YES;
				GCC_WARN_ABOUT_RETURN_TYPE = YES_ERROR;
				GCC_WARN_UNDECLARED_SELECTOR = YES;
				GCC_WARN_UNINITIALIZED_AUTOS = YES_AGGRESSIVE;
				GCC_WARN_UNUSED_FUNCTION = YES;
				GCC_WARN_UNUSED_VARIABLE = YES;
				IPHONEOS_DEPLOYMENT_TARGET = 12.2;
				MTL_ENABLE_DEBUG_INFO = NO;
				MTL_FAST_MATH = YES;
				SDKROOT = iphoneos;
				SWIFT_COMPILATION_MODE = wholemodule;
				SWIFT_OPTIMIZATION_LEVEL = "-O";
				VALIDATE_PRODUCT = YES;
			};
			name = Release;
		};
		AB3E523B228CAD20007799DE /* Debug */ = {
			isa = XCBuildConfiguration;
			buildSettings = {
				ASSETCATALOG_COMPILER_APPICON_NAME = AppIcon;
				CODE_SIGN_STYLE = Automatic;
				DEVELOPMENT_TEAM = ZC3BXXKS8N;
				INFOPLIST_FILE = StorytelChallenge/Info.plist;
				LD_RUNPATH_SEARCH_PATHS = (
					"$(inherited)",
					"@executable_path/Frameworks",
				);
				PRODUCT_BUNDLE_IDENTIFIER = some.StorytelChallenge;
				PRODUCT_NAME = "$(TARGET_NAME)";
				SWIFT_VERSION = 5.0;
				TARGETED_DEVICE_FAMILY = 1;
			};
			name = Debug;
		};
		AB3E523C228CAD20007799DE /* Release */ = {
			isa = XCBuildConfiguration;
			buildSettings = {
				ASSETCATALOG_COMPILER_APPICON_NAME = AppIcon;
				CODE_SIGN_STYLE = Automatic;
				DEVELOPMENT_TEAM = ZC3BXXKS8N;
				INFOPLIST_FILE = StorytelChallenge/Info.plist;
				LD_RUNPATH_SEARCH_PATHS = (
					"$(inherited)",
					"@executable_path/Frameworks",
				);
				PRODUCT_BUNDLE_IDENTIFIER = some.StorytelChallenge;
				PRODUCT_NAME = "$(TARGET_NAME)";
				SWIFT_VERSION = 5.0;
				TARGETED_DEVICE_FAMILY = 1;
			};
			name = Release;
		};
		ABC21CCB2295A6E9007D9CCF /* Debug */ = {
			isa = XCBuildConfiguration;
			buildSettings = {
				BUNDLE_LOADER = "$(TEST_HOST)";
				CODE_SIGN_STYLE = Automatic;
				DEVELOPMENT_TEAM = ZC3BXXKS8N;
				INFOPLIST_FILE = StorytelChallengeTests/Info.plist;
				LD_RUNPATH_SEARCH_PATHS = (
					"$(inherited)",
					"@executable_path/Frameworks",
					"@loader_path/Frameworks",
				);
				PRODUCT_BUNDLE_IDENTIFIER = none.StorytelChallengeTests;
				PRODUCT_NAME = "$(TARGET_NAME)";
				SWIFT_VERSION = 5.0;
				TARGETED_DEVICE_FAMILY = "1,2";
				TEST_HOST = "$(BUILT_PRODUCTS_DIR)/StorytelChallenge.app/StorytelChallenge";
			};
			name = Debug;
		};
		ABC21CCC2295A6E9007D9CCF /* Release */ = {
			isa = XCBuildConfiguration;
			buildSettings = {
				BUNDLE_LOADER = "$(TEST_HOST)";
				CODE_SIGN_STYLE = Automatic;
				DEVELOPMENT_TEAM = ZC3BXXKS8N;
				INFOPLIST_FILE = StorytelChallengeTests/Info.plist;
				LD_RUNPATH_SEARCH_PATHS = (
					"$(inherited)",
					"@executable_path/Frameworks",
					"@loader_path/Frameworks",
				);
				PRODUCT_BUNDLE_IDENTIFIER = none.StorytelChallengeTests;
				PRODUCT_NAME = "$(TARGET_NAME)";
				SWIFT_VERSION = 5.0;
				TARGETED_DEVICE_FAMILY = "1,2";
				TEST_HOST = "$(BUILT_PRODUCTS_DIR)/StorytelChallenge.app/StorytelChallenge";
			};
			name = Release;
		};
/* End XCBuildConfiguration section */

/* Begin XCConfigurationList section */
		AB3E5223228CAD1E007799DE /* Build configuration list for PBXProject "StorytelChallenge" */ = {
			isa = XCConfigurationList;
			buildConfigurations = (
				AB3E5238228CAD20007799DE /* Debug */,
				AB3E5239228CAD20007799DE /* Release */,
			);
			defaultConfigurationIsVisible = 0;
			defaultConfigurationName = Release;
		};
		AB3E523A228CAD20007799DE /* Build configuration list for PBXNativeTarget "StorytelChallenge" */ = {
			isa = XCConfigurationList;
			buildConfigurations = (
				AB3E523B228CAD20007799DE /* Debug */,
				AB3E523C228CAD20007799DE /* Release */,
			);
			defaultConfigurationIsVisible = 0;
			defaultConfigurationName = Release;
		};
		ABC21CCD2295A6E9007D9CCF /* Build configuration list for PBXNativeTarget "StorytelChallengeTests" */ = {
			isa = XCConfigurationList;
			buildConfigurations = (
				ABC21CCB2295A6E9007D9CCF /* Debug */,
				ABC21CCC2295A6E9007D9CCF /* Release */,
			);
			defaultConfigurationIsVisible = 0;
			defaultConfigurationName = Release;
		};
/* End XCConfigurationList section */
	};
	rootObject = AB3E5220228CAD1E007799DE /* Project object */;
}
